
Microsoft Visual Studio Solution File, Format Version 12.00
# Visual Studio 15
VisualStudioVersion = 15.0.27130.2003
MinimumVisualStudioVersion = 10.0.40219.1
Project("{FAE04EC0-301F-11D3-BF4B-00C04F79EFBC}") = "Service", "Service\Service.csproj", "{ECCEB86F-4CFE-4BCA-A06F-303882683DE0}"
EndProject
Project("{FAE04EC0-301F-11D3-BF4B-00C04F79EFBC}") = "AW.Business", "AW.Business\AW.Business.csproj", "{4B9CC226-61D2-494E-9B2F-FF98693C0608}"
EndProject
Project("{FAE04EC0-301F-11D3-BF4B-00C04F79EFBC}") = "AW.Common", "AW.Common\AW.Common.csproj", "{1B700619-ECCF-48F2-ABFE-990034FD69A0}"
EndProject
Project("{FAE04EC0-301F-11D3-BF4B-00C04F79EFBC}") = "AW.Data", "AW.Data\AW.Data.csproj", "{C2705A5D-EDC4-4230-B86F-7B3F5D0E406B}"
EndProject
Project("{FAE04EC0-301F-11D3-BF4B-00C04F79EFBC}") = "AW.Web", "AW.Web\AW.Web.csproj", "{97537A5E-1CD7-4459-8D97-566ADB864D35}"
EndProject
Project("{FAE04EC0-301F-11D3-BF4B-00C04F79EFBC}") = "AW.Dependencies", "AW.Dependencies\AW.Dependencies.csproj", "{DB5B5938-16F6-4759-A561-B3D8CCE69C81}"
EndProject
Global
	GlobalSection(SolutionConfigurationPlatforms) = preSolution
		Debug|Any CPU = Debug|Any CPU
		Release|Any CPU = Release|Any CPU
	EndGlobalSection
	GlobalSection(ProjectConfigurationPlatforms) = postSolution
		{ECCEB86F-4CFE-4BCA-A06F-303882683DE0}.Debug|Any CPU.ActiveCfg = Debug|Any CPU
		{ECCEB86F-4CFE-4BCA-A06F-303882683DE0}.Debug|Any CPU.Build.0 = Debug|Any CPU
		{ECCEB86F-4CFE-4BCA-A06F-303882683DE0}.Release|Any CPU.ActiveCfg = Release|Any CPU
		{ECCEB86F-4CFE-4BCA-A06F-303882683DE0}.Release|Any CPU.Build.0 = Release|Any CPU
		{4B9CC226-61D2-494E-9B2F-FF98693C0608}.Debug|Any CPU.ActiveCfg = Debug|Any CPU
		{4B9CC226-61D2-494E-9B2F-FF98693C0608}.Debug|Any CPU.Build.0 = Debug|Any CPU
		{4B9CC226-61D2-494E-9B2F-FF98693C0608}.Release|Any CPU.ActiveCfg = Release|Any CPU
		{4B9CC226-61D2-494E-9B2F-FF98693C0608}.Release|Any CPU.Build.0 = Release|Any CPU
		{1B700619-ECCF-48F2-ABFE-990034FD69A0}.Debug|Any CPU.ActiveCfg = Debug|Any CPU
		{1B700619-ECCF-48F2-ABFE-990034FD69A0}.Debug|Any CPU.Build.0 = Debug|Any CPU
		{1B700619-ECCF-48F2-ABFE-990034FD69A0}.Release|Any CPU.ActiveCfg = Release|Any CPU
		{1B700619-ECCF-48F2-ABFE-990034FD69A0}.Release|Any CPU.Build.0 = Release|Any CPU
		{C2705A5D-EDC4-4230-B86F-7B3F5D0E406B}.Debug|Any CPU.ActiveCfg = Debug|Any CPU
		{C2705A5D-EDC4-4230-B86F-7B3F5D0E406B}.Debug|Any CPU.Build.0 = Debug|Any CPU
		{C2705A5D-EDC4-4230-B86F-7B3F5D0E406B}.Release|Any CPU.ActiveCfg = Release|Any CPU
		{C2705A5D-EDC4-4230-B86F-7B3F5D0E406B}.Release|Any CPU.Build.0 = Release|Any CPU
		{97537A5E-1CD7-4459-8D97-566ADB864D35}.Debug|Any CPU.ActiveCfg = Debug|Any CPU
		{97537A5E-1CD7-4459-8D97-566ADB864D35}.Debug|Any CPU.Build.0 = Debug|Any CPU
		{97537A5E-1CD7-4459-8D97-566ADB864D35}.Release|Any CPU.ActiveCfg = Release|Any CPU
		{97537A5E-1CD7-4459-8D97-566ADB864D35}.Release|Any CPU.Build.0 = Release|Any CPU
		{DB5B5938-16F6-4759-A561-B3D8CCE69C81}.Debug|Any CPU.ActiveCfg = Debug|Any CPU
		{DB5B5938-16F6-4759-A561-B3D8CCE69C81}.Debug|Any CPU.Build.0 = Debug|Any CPU
		{DB5B5938-16F6-4759-A561-B3D8CCE69C81}.Release|Any CPU.ActiveCfg = Release|Any CPU
		{DB5B5938-16F6-4759-A561-B3D8CCE69C81}.Release|Any CPU.Build.0 = Release|Any CPU
	EndGlobalSection
	GlobalSection(SolutionProperties) = preSolution
		HideSolutionNode = FALSE
	EndGlobalSection
	GlobalSection(ExtensibilityGlobals) = postSolution
		SolutionGuid = {D5AEDEFC-4865-4446-8B33-D55DB6E17F0E}
	EndGlobalSection
EndGlobal
